
Microsoft Visual Studio Solution File, Format Version 12.00
# Visual Studio 14
VisualStudioVersion = 14.0.25420.1
MinimumVisualStudioVersion = 10.0.40219.1
Project("{FAE04EC0-301F-11D3-BF4B-00C04F79EFBC}") = "TodoListClient", "TodoListClient\TodoListClient.csproj", "{73D4B319-7C15-484F-9F70-DFB09CB8748E}"
EndProject
Project("{FAE04EC0-301F-11D3-BF4B-00C04F79EFBC}") = "TodoListBusinessLayer", "TodoListBusinessLayer\TodoListBusinessLayer.csproj", "{C6A67D95-D76D-49C8-A714-A5EE688D5036}"
EndProject
Project("{FAE04EC0-301F-11D3-BF4B-00C04F79EFBC}") = "TodoList", "TodoList\TodoList.csproj", "{6D926F32-41FA-4ACD-A194-296C5B17E1E5}"
EndProject
Global
	GlobalSection(SolutionConfigurationPlatforms) = preSolution
		Debug|Any CPU = Debug|Any CPU
		Release|Any CPU = Release|Any CPU
	EndGlobalSection
	GlobalSection(ProjectConfigurationPlatforms) = postSolution
		{73D4B319-7C15-484F-9F70-DFB09CB8748E}.Debug|Any CPU.ActiveCfg = Debug|Any CPU
		{73D4B319-7C15-484F-9F70-DFB09CB8748E}.Debug|Any CPU.Build.0 = Debug|Any CPU
		{73D4B319-7C15-484F-9F70-DFB09CB8748E}.Release|Any CPU.ActiveCfg = Release|Any CPU
		{73D4B319-7C15-484F-9F70-DFB09CB8748E}.Release|Any CPU.Build.0 = Release|Any CPU
		{C6A67D95-D76D-49C8-A714-A5EE688D5036}.Debug|Any CPU.ActiveCfg = Debug|Any CPU
		{C6A67D95-D76D-49C8-A714-A5EE688D5036}.Debug|Any CPU.Build.0 = Debug|Any CPU
		{C6A67D95-D76D-49C8-A714-A5EE688D5036}.Release|Any CPU.ActiveCfg = Release|Any CPU
		{C6A67D95-D76D-49C8-A714-A5EE688D5036}.Release|Any CPU.Build.0 = Release|Any CPU
		{6D926F32-41FA-4ACD-A194-296C5B17E1E5}.Debug|Any CPU.ActiveCfg = Debug|Any CPU
		{6D926F32-41FA-4ACD-A194-296C5B17E1E5}.Debug|Any CPU.Build.0 = Debug|Any CPU
		{6D926F32-41FA-4ACD-A194-296C5B17E1E5}.Release|Any CPU.ActiveCfg = Release|Any CPU
		{6D926F32-41FA-4ACD-A194-296C5B17E1E5}.Release|Any CPU.Build.0 = Release|Any CPU
	EndGlobalSection
	GlobalSection(SolutionProperties) = preSolution
		HideSolutionNode = FALSE
	EndGlobalSection
EndGlobal
